
Microsoft Visual Studio Solution File, Format Version 12.00
# Visual Studio Version 16
VisualStudioVersion = 16.0.30523.141
MinimumVisualStudioVersion = 10.0.40219.1
Project("{FAE04EC0-301F-11D3-BF4B-00C04F79EFBC}") = "HomeWork_1", "HomeWork_1.csproj", "{6BEA8013-0795-4F44-A66B-CB8193996306}"
EndProject
Global
	GlobalSection(SolutionConfigurationPlatforms) = preSolution
		Debug|Any CPU = Debug|Any CPU
		Release|Any CPU = Release|Any CPU
	EndGlobalSection
	GlobalSection(ProjectConfigurationPlatforms) = postSolution
		{6BEA8013-0795-4F44-A66B-CB8193996306}.Debug|Any CPU.ActiveCfg = Debug|Any CPU
		{6BEA8013-0795-4F44-A66B-CB8193996306}.Debug|Any CPU.Build.0 = Debug|Any CPU
		{6BEA8013-0795-4F44-A66B-CB8193996306}.Release|Any CPU.ActiveCfg = Release|Any CPU
		{6BEA8013-0795-4F44-A66B-CB8193996306}.Release|Any CPU.Build.0 = Release|Any CPU
	EndGlobalSection
	GlobalSection(SolutionProperties) = preSolution
		HideSolutionNode = FALSE
	EndGlobalSection
	GlobalSection(ExtensibilityGlobals) = postSolution
		SolutionGuid = {E013B8CC-F960-4B33-BFDE-FF991D7D8C63}
	EndGlobalSection
EndGlobal
